github.com/wrfly/ecp v0.1.1-0.20190725160759-97269b9e95f0 h1:Zy3Chk4CvwAqJ6YgQym6hJQEk4JE7iPbHRfxkru6Zn0=
github.com/wrfly/ecp v0.1.1-0.20190725160759-97269b9e95f0/go.mod h1:cmmFTD+MLlrDa3/EO3gjeKLKUhHiYP3cgaaJamIS1NU=
github.com/wrfly/gua v1.0.1 h1:eLIV27PZFQ4kgtwI1kLdJnX3VoQxgqvysRlrre62K/g=
github.com/wrfly/gua v1.0.1/go.mod h1:JnEanhyUUwxJlb+5StimteXnLOhaH4saskq6vBdB/zE=
